
Microsoft Visual Studio Solution File, Format Version 12.00
# Visual Studio Version 16
VisualStudioVersion = 16.0.31025.194
MinimumVisualStudioVersion = 10.0.40219.1
Project("{FAE04EC0-301F-11D3-BF4B-00C04F79EFBC}") = "HW_Algorithm6", "HW_Algorithm6\HW_Algorithm6.csproj", "{6BE6BDF1-0BBF-411D-8EFD-880A4557F84C}"
EndProject
Global
	GlobalSection(SolutionConfigurationPlatforms) = preSolution
		Debug|Any CPU = Debug|Any CPU
		Release|Any CPU = Release|Any CPU
	EndGlobalSection
	GlobalSection(ProjectConfigurationPlatforms) = postSolution
		{6BE6BDF1-0BBF-411D-8EFD-880A4557F84C}.Debug|Any CPU.ActiveCfg = Debug|Any CPU
		{6BE6BDF1-0BBF-411D-8EFD-880A4557F84C}.Debug|Any CPU.Build.0 = Debug|Any CPU
		{6BE6BDF1-0BBF-411D-8EFD-880A4557F84C}.Release|Any CPU.ActiveCfg = Release|Any CPU
		{6BE6BDF1-0BBF-411D-8EFD-880A4557F84C}.Release|Any CPU.Build.0 = Release|Any CPU
	EndGlobalSection
	GlobalSection(SolutionProperties) = preSolution
		HideSolutionNode = FALSE
	EndGlobalSection
	GlobalSection(ExtensibilityGlobals) = postSolution
		SolutionGuid = {7E8CC8BF-059E-4962-8AEC-14724C707C4F}
	EndGlobalSection
EndGlobal
